// !$*UTF8*$!
{
	archiveVersion = 1;
	classes = {
	};
	objectVersion = 46;
	objects = {

/* Begin PBXBuildFile section */
		934A01B21ADD98ED00899B03 /* main.m in Sources */ = {isa = PBXBuildFile; fileRef = 934A01B11ADD98ED00899B03 /* main.m */; };
		934A01B51ADD98ED00899B03 /* AppDelegate.m in Sources */ = {isa = PBXBuildFile; fileRef = 934A01B41ADD98ED00899B03 /* AppDelegate.m */; };
		934A01B81ADD98ED00899B03 /* MasterViewController.m in Sources */ = {isa = PBXBuildFile; fileRef = 934A01B71ADD98ED00899B03 /* MasterViewController.m */; };
		934A01BB1ADD98ED00899B03 /* DetailViewController.m in Sources */ = {isa = PBXBuildFile; fileRef = 934A01BA1ADD98ED00899B03 /* DetailViewController.m */; };
		934A01BE1ADD98ED00899B03 /* Main.storyboard in Resources */ = {isa = PBXBuildFile; fileRef = 934A01BC1ADD98ED00899B03 /* Main.storyboard */; };
		934A01C01ADD98ED00899B03 /* Images.xcassets in Resources */ = {isa = PBXBuildFile; fileRef = 934A01BF1ADD98ED00899B03 /* Images.xcassets */; };
		934A01C31ADD98ED00899B03 /* LaunchScreen.xib in Resources */ = {isa = PBXBuildFile; fileRef = 934A01C11ADD98ED00899B03 /* LaunchScreen.xib */; };
		934A01CF1ADD98ED00899B03 /* StretchMyHeaderTests.m in Sources */ = {isa = PBXBuildFile; fileRef = 934A01CE1ADD98ED00899B03 /* StretchMyHeaderTests.m */; };
		934A01DA1ADD9AC900899B03 /* CustomTableViewCell.m in Sources */ = {isa = PBXBuildFile; fileRef = 934A01D91ADD9AC900899B03 /* CustomTableViewCell.m */; };
		934A01DD1ADDA6CD00899B03 /* NewsItem.m in Sources */ = {isa = PBXBuildFile; fileRef = 934A01DC1ADDA6CD00899B03 /* NewsItem.m */; };
		934A01DF1ADDBCBC00899B03 /* bg-header.jpg in Resources */ = {isa = PBXBuildFile; fileRef = 934A01DE1ADDBCBC00899B03 /* bg-header.jpg */; };
/* End PBXBuildFile section */

/* Begin PBXContainerItemProxy section */
		934A01C91ADD98ED00899B03 /* PBXContainerItemProxy */ = {
			isa = PBXContainerItemProxy;
			containerPortal = 934A01A41ADD98ED00899B03 /* Project object */;
			proxyType = 1;
			remoteGlobalIDString = 934A01AB1ADD98ED00899B03;
			remoteInfo = StretchMyHeader;
		};
/* End PBXContainerItemProxy section */

/* Begin PBXFileReference section */
		934A01AC1ADD98ED00899B03 /* StretchMyHeader.app */ = {isa = PBXFileReference; explicitFileType = wrapper.application; includeInIndex = 0; path = StretchMyHeader.app; sourceTree = BUILT_PRODUCTS_DIR; };
		934A01B01ADD98ED00899B03 /* Info.plist */ = {isa = PBXFileReference; lastKnownFileType = text.plist.xml; path = Info.plist; sourceTree = "<group>"; };
		934A01B11ADD98ED00899B03 /* main.m */ = {isa = PBXFileReference; lastKnownFileType = sourcecode.c.objc; path = main.m; sourceTree = "<group>"; };
		934A01B31ADD98ED00899B03 /* AppDelegate.h */ = {isa = PBXFileReference; lastKnownFileType = sourcecode.c.h; path = AppDelegate.h; sourceTree = "<group>"; };
		934A01B41ADD98ED00899B03 /* AppDelegate.m */ = {isa = PBXFileReference; lastKnownFileType = sourcecode.c.objc; path = AppDelegate.m; sourceTree = "<group>"; };
		934A01B61ADD98ED00899B03 /* MasterViewController.h */ = {isa = PBXFileReference; lastKnownFileType = sourcecode.c.h; path = MasterViewController.h; sourceTree = "<group>"; };
		934A01B71ADD98ED00899B03 /* MasterViewController.m */ = {isa = PBXFileReference; lastKnownFileType = sourcecode.c.objc; path = MasterViewController.m; sourceTree = "<group>"; };
		934A01B91ADD98ED00899B03 /* DetailViewController.h */ = {isa = PBXFileReference; lastKnownFileType = sourcecode.c.h; path = DetailViewController.h; sourceTree = "<group>"; };
		934A01BA1ADD98ED00899B03 /* DetailViewController.m */ = {isa = PBXFileReference; lastKnownFileType = sourcecode.c.objc; path = DetailViewController.m; sourceTree = "<group>"; };
		934A01BD1ADD98ED00899B03 /* Base */ = {isa = PBXFileReference; lastKnownFileType = file.storyboard; name = Base; path = Base.lproj/Main.storyboard; sourceTree = "<group>"; };
		934A01BF1ADD98ED00899B03 /* Images.xcassets */ = {isa = PBXFileReference; lastKnownFileType = folder.assetcatalog; path = Images.xcassets; sourceTree = "<group>"; };
		934A01C21ADD98ED00899B03 /* Base */ = {isa = PBXFileReference; lastKnownFileType = file.xib; name = Base; path = Base.lproj/LaunchScreen.xib; sourceTree = "<group>"; };
		934A01C81ADD98ED00899B03 /* StretchMyHeaderTests.xctest */ = {isa = PBXFileReference; explicitFileType = wrapper.cfbundle; includeInIndex = 0; path = StretchMyHeaderTests.xctest; sourceTree = BUILT_PRODUCTS_DIR; };
		934A01CD1ADD98ED00899B03 /* Info.plist */ = {isa = PBXFileReference; lastKnownFileType = text.plist.xml; path = Info.plist; sourceTree = "<group>"; };
		934A01CE1ADD98ED00899B03 /* StretchMyHeaderTests.m */ = {isa = PBXFileReference; lastKnownFileType = sourcecode.c.objc; path = StretchMyHeaderTests.m; sourceTree = "<group>"; };
		934A01D81ADD9AC900899B03 /* CustomTableViewCell.h */ = {isa = PBXFileReference; fileEncoding = 4; lastKnownFileType = sourcecode.c.h; path = CustomTableViewCell.h; sourceTree = "<group>"; };
		934A01D91ADD9AC900899B03 /* CustomTableViewCell.m */ = {isa = PBXFileReference; fileEncoding = 4; lastKnownFileType = sourcecode.c.objc; path = CustomTableViewCell.m; sourceTree = "<group>"; };
		934A01DB1ADDA6CD00899B03 /* NewsItem.h */ = {isa = PBXFileReference; fileEncoding = 4; lastKnownFileType = sourcecode.c.h; path = NewsItem.h; sourceTree = "<group>"; };
		934A01DC1ADDA6CD00899B03 /* NewsItem.m */ = {isa = PBXFileReference; fileEncoding = 4; lastKnownFileType = sourcecode.c.objc; path = NewsItem.m; sourceTree = "<group>"; };
		934A01DE1ADDBCBC00899B03 /* bg-header.jpg */ = {isa = PBXFileReference; lastKnownFileType = image.jpeg; path = "bg-header.jpg"; sourceTree = "<group>"; };
/* End PBXFileReference section */

/* Begin PBXFrameworksBuildPhase section */
		934A01A91ADD98ED00899B03 /* Frameworks */ = {
			isa = PBXFrameworksBuildPhase;
			buildActionMask = 2147483647;
			files = (
			);
			runOnlyForDeploymentPostprocessing = 0;
		};
		934A01C51ADD98ED00899B03 /* Frameworks */ = {
			isa = PBXFrameworksBuildPhase;
			buildActionMask = 2147483647;
			files = (
			);
			runOnlyForDeploymentPostprocessing = 0;
		};
/* End PBXFrameworksBuildPhase section */

/* Begin PBXGroup section */
		934A01A31ADD98ED00899B03 = {
			isa = PBXGroup;
			children = (
				934A01AE1ADD98ED00899B03 /* StretchMyHeader */,
				934A01CB1ADD98ED00899B03 /* StretchMyHeaderTests */,
				934A01AD1ADD98ED00899B03 /* Products */,
			);
			sourceTree = "<group>";
		};
		934A01AD1ADD98ED00899B03 /* Products */ = {
			isa = PBXGroup;
			children = (
				934A01AC1ADD98ED00899B03 /* StretchMyHeader.app */,
				934A01C81ADD98ED00899B03 /* StretchMyHeaderTests.xctest */,
			);
			name = Products;
			sourceTree = "<group>";
		};
		934A01AE1ADD98ED00899B03 /* StretchMyHeader */ = {
			isa = PBXGroup;
			children = (
				934A01B31ADD98ED00899B03 /* AppDelegate.h */,
				934A01B41ADD98ED00899B03 /* AppDelegate.m */,
				934A01DB1ADDA6CD00899B03 /* NewsItem.h */,
				934A01DC1ADDA6CD00899B03 /* NewsItem.m */,
				934A01B61ADD98ED00899B03 /* MasterViewController.h */,
				934A01B71ADD98ED00899B03 /* MasterViewController.m */,
				934A01B91ADD98ED00899B03 /* DetailViewController.h */,
				934A01BA1ADD98ED00899B03 /* DetailViewController.m */,
				934A01D81ADD9AC900899B03 /* CustomTableViewCell.h */,
				934A01D91ADD9AC900899B03 /* CustomTableViewCell.m */,
				934A01BC1ADD98ED00899B03 /* Main.storyboard */,
				934A01BF1ADD98ED00899B03 /* Images.xcassets */,
				934A01C11ADD98ED00899B03 /* LaunchScreen.xib */,
				934A01AF1ADD98ED00899B03 /* Supporting Files */,
			);
			path = StretchMyHeader;
			sourceTree = "<group>";
		};
		934A01AF1ADD98ED00899B03 /* Supporting Files */ = {
			isa = PBXGroup;
			children = (
				934A01DE1ADDBCBC00899B03 /* bg-header.jpg */,
				934A01B01ADD98ED00899B03 /* Info.plist */,
				934A01B11ADD98ED00899B03 /* main.m */,
			);
			name = "Supporting Files";
			sourceTree = "<group>";
		};
		934A01CB1ADD98ED00899B03 /* StretchMyHeaderTests */ = {
			isa = PBXGroup;
			children = (
				934A01CE1ADD98ED00899B03 /* StretchMyHeaderTests.m */,
				934A01CC1ADD98ED00899B03 /* Supporting Files */,
			);
			path = StretchMyHeaderTests;
			sourceTree = "<group>";
		};
		934A01CC1ADD98ED00899B03 /* Supporting Files */ = {
			isa = PBXGroup;
			children = (
				934A01CD1ADD98ED00899B03 /* Info.plist */,
			);
			name = "Supporting Files";
			sourceTree = "<group>";
		};
/* End PBXGroup section */

/* Begin PBXNativeTarget section */
		934A01AB1ADD98ED00899B03 /* StretchMyHeader */ = {
			isa = PBXNativeTarget;
			buildConfigurationList = 934A01D21ADD98ED00899B03 /* Build configuration list for PBXNativeTarget "StretchMyHeader" */;
			buildPhases = (
				934A01A81ADD98ED00899B03 /* Sources */,
				934A01A91ADD98ED00899B03 /* Frameworks */,
				934A01AA1ADD98ED00899B03 /* Resources */,
			);
			buildRules = (
			);
			dependencies = (
			);
			name = StretchMyHeader;
			productName = StretchMyHeader;
			productReference = 934A01AC1ADD98ED00899B03 /* StretchMyHeader.app */;
			productType = "com.apple.product-type.application";
		};
		934A01C71ADD98ED00899B03 /* StretchMyHeaderTests */ = {
			isa = PBXNativeTarget;
			buildConfigurationList = 934A01D51ADD98ED00899B03 /* Build configuration list for PBXNativeTarget "StretchMyHeaderTests" */;
			buildPhases = (
				934A01C41ADD98ED00899B03 /* Sources */,
				934A01C51ADD98ED00899B03 /* Frameworks */,
				934A01C61ADD98ED00899B03 /* Resources */,
			);
			buildRules = (
			);
			dependencies = (
				934A01CA1ADD98ED00899B03 /* PBXTargetDependency */,
			);
			name = StretchMyHeaderTests;
			productName = StretchMyHeaderTests;
			productReference = 934A01C81ADD98ED00899B03 /* StretchMyHeaderTests.xctest */;
			productType = "com.apple.product-type.bundle.unit-test";
		};
/* End PBXNativeTarget section */

/* Begin PBXProject section */
		934A01A41ADD98ED00899B03 /* Project object */ = {
			isa = PBXProject;
			attributes = {
				LastUpgradeCheck = 0620;
				ORGANIZATIONNAME = "Samia Al Rahmani";
				TargetAttributes = {
					934A01AB1ADD98ED00899B03 = {
						CreatedOnToolsVersion = 6.2;
					};
					934A01C71ADD98ED00899B03 = {
						CreatedOnToolsVersion = 6.2;
						TestTargetID = 934A01AB1ADD98ED00899B03;
					};
				};
			};
			buildConfigurationList = 934A01A71ADD98ED00899B03 /* Build configuration list for PBXProject "StretchMyHeader" */;
			compatibilityVersion = "Xcode 3.2";
			developmentRegion = English;
			hasScannedForEncodings = 0;
			knownRegions = (
				en,
				Base,
			);
			mainGroup = 934A01A31ADD98ED00899B03;
			productRefGroup = 934A01AD1ADD98ED00899B03 /* Products */;
			projectDirPath = "";
			projectRoot = "";
			targets = (
				934A01AB1ADD98ED00899B03 /* StretchMyHeader */,
				934A01C71ADD98ED00899B03 /* StretchMyHeaderTests */,
			);
		};
/* End PBXProject section */

/* Begin PBXResourcesBuildPhase section */
		934A01AA1ADD98ED00899B03 /* Resources */ = {
			isa = PBXResourcesBuildPhase;
			buildActionMask = 2147483647;
			files = (
				934A01BE1ADD98ED00899B03 /* Main.storyboard in Resources */,
				934A01C31ADD98ED00899B03 /* LaunchScreen.xib in Resources */,
				934A01C01ADD98ED00899B03 /* Images.xcassets in Resources */,
				934A01DF1ADDBCBC00899B03 /* bg-header.jpg in Resources */,
			);
			runOnlyForDeploymentPostprocessing = 0;
		};
		934A01C61ADD98ED00899B03 /* Resources */ = {
			isa = PBXResourcesBuildPhase;
			buildActionMask = 2147483647;
			files = (
			);
			runOnlyForDeploymentPostprocessing = 0;
		};
/* End PBXResourcesBuildPhase section */

/* Begin PBXSourcesBuildPhase section */
		934A01A81ADD98ED00899B03 /* Sources */ = {
			isa = PBXSourcesBuildPhase;
			buildActionMask = 2147483647;
			files = (
				934A01B51ADD98ED00899B03 /* AppDelegate.m in Sources */,
				934A01B81ADD98ED00899B03 /* MasterViewController.m in Sources */,
				934A01B21ADD98ED00899B03 /* main.m in Sources */,
				934A01DD1ADDA6CD00899B03 /* NewsItem.m in Sources */,
				934A01DA1ADD9AC900899B03 /* CustomTableViewCell.m in Sources */,
				934A01BB1ADD98ED00899B03 /* DetailViewController.m in Sources */,
			);
			runOnlyForDeploymentPostprocessing = 0;
		};
		934A01C41ADD98ED00899B03 /* Sources */ = {
			isa = PBXSourcesBuildPhase;
			buildActionMask = 2147483647;
			files = (
				934A01CF1ADD98ED00899B03 /* StretchMyHeaderTests.m in Sources */,
			);
			runOnlyForDeploymentPostprocessing = 0;
		};
/* End PBXSourcesBuildPhase section */

/* Begin PBXTargetDependency section */
		934A01CA1ADD98ED00899B03 /* PBXTargetDependency */ = {
			isa = PBXTargetDependency;
			target = 934A01AB1ADD98ED00899B03 /* StretchMyHeader */;
			targetProxy = 934A01C91ADD98ED00899B03 /* PBXContainerItemProxy */;
		};
/* End PBXTargetDependency section */

/* Begin PBXVariantGroup section */
		934A01BC1ADD98ED00899B03 /* Main.storyboard */ = {
			isa = PBXVariantGroup;
			children = (
				934A01BD1ADD98ED00899B03 /* Base */,
			);
			name = Main.storyboard;
			sourceTree = "<group>";
		};
		934A01C11ADD98ED00899B03 /* LaunchScreen.xib */ = {
			isa = PBXVariantGroup;
			children = (
				934A01C21ADD98ED00899B03 /* Base */,
			);
			name = LaunchScreen.xib;
			sourceTree = "<group>";
		};
/* End PBXVariantGroup section */

/* Begin XCBuildConfiguration section */
		934A01D01ADD98ED00899B03 /* Debug */ = {
			isa = XCBuildConfiguration;
			buildSettings = {
				ALWAYS_SEARCH_USER_PATHS = NO;
				CLANG_CXX_LANGUAGE_STANDARD = "gnu++0x";
				CLANG_CXX_LIBRARY = "libc++";
				CLANG_ENABLE_MODULES = YES;
				CLANG_ENABLE_OBJC_ARC = YES;
				CLANG_WARN_BOOL_CONVERSION = YES;
				CLANG_WARN_CONSTANT_CONVERSION = YES;
				CLANG_WARN_DIRECT_OBJC_ISA_USAGE = YES_ERROR;
				CLANG_WARN_EMPTY_BODY = YES;
				CLANG_WARN_ENUM_CONVERSION = YES;
				CLANG_WARN_INT_CONVERSION = YES;
				CLANG_WARN_OBJC_ROOT_CLASS = YES_ERROR;
				CLANG_WARN_UNREACHABLE_CODE = YES;
				CLANG_WARN__DUPLICATE_METHOD_MATCH = YES;
				"CODE_SIGN_IDENTITY[sdk=iphoneos*]" = "iPhone Developer";
				COPY_PHASE_STRIP = NO;
				ENABLE_STRICT_OBJC_MSGSEND = YES;
				GCC_C_LANGUAGE_STANDARD = gnu99;
				GCC_DYNAMIC_NO_PIC = NO;
				GCC_OPTIMIZATION_LEVEL = 0;
				GCC_PREPROCESSOR_DEFINITIONS = (
					"DEBUG=1",
					"$(inherited)",
				);
				GCC_SYMBOLS_PRIVATE_EXTERN = NO;
				GCC_WARN_64_TO_32_BIT_CONVERSION = YES;
				GCC_WARN_ABOUT_RETURN_TYPE = YES_ERROR;
				GCC_WARN_UNDECLARED_SELECTOR = YES;
				GCC_WARN_UNINITIALIZED_AUTOS = YES_AGGRESSIVE;
				GCC_WARN_UNUSED_FUNCTION = YES;
				GCC_WARN_UNUSED_VARIABLE = YES;
				IPHONEOS_DEPLOYMENT_TARGET = 8.2;
				MTL_ENABLE_DEBUG_INFO = YES;
				ONLY_ACTIVE_ARCH = YES;
				SDKROOT = iphoneos;
			};
			name = Debug;
		};
		934A01D11ADD98ED00899B03 /* Release */ = {
			isa = XCBuildConfiguration;
			buildSettings = {
				ALWAYS_SEARCH_USER_PATHS = NO;
				CLANG_CXX_LANGUAGE_STANDARD = "gnu++0x";
				CLANG_CXX_LIBRARY = "libc++";
				CLANG_ENABLE_MODULES = YES;
				CLANG_ENABLE_OBJC_ARC = YES;
				CLANG_WARN_BOOL_CONVERSION = YES;
				CLANG_WARN_CONSTANT_CONVERSION = YES;
				CLANG_WARN_DIRECT_OBJC_ISA_USAGE = YES_ERROR;
				CLANG_WARN_EMPTY_BODY = YES;
				CLANG_WARN_ENUM_CONVERSION = YES;
				CLANG_WARN_INT_CONVERSION = YES;
				CLANG_WARN_OBJC_ROOT_CLASS = YES_ERROR;
				CLANG_WARN_UNREACHABLE_CODE = YES;
				CLANG_WARN__DUPLICATE_METHOD_MATCH = YES;
				"CODE_SIGN_IDENTITY[sdk=iphoneos*]" = "iPhone Developer";
				COPY_PHASE_STRIP = NO;
				ENABLE_NS_ASSERTIONS = NO;
				ENABLE_STRICT_OBJC_MSGSEND = YES;
				GCC_C_LANGUAGE_STANDARD = gnu99;
				GCC_WARN_64_TO_32_BIT_CONVERSION = YES;
				GCC_WARN_ABOUT_RETURN_TYPE = YES_ERROR;
				GCC_WARN_UNDECLARED_SELECTOR = YES;
				GCC_WARN_UNINITIALIZED_AUTOS = YES_AGGRESSIVE;
				GCC_WARN_UNUSED_FUNCTION = YES;
				GCC_WARN_UNUSED_VARIABLE = YES;
				IPHONEOS_DEPLOYMENT_TARGET = 8.2;
				MTL_ENABLE_DEBUG_INFO = NO;
				SDKROOT = iphoneos;
				VALIDATE_PRODUCT = YES;
			};
			name = Release;
		};
		934A01D31ADD98ED00899B03 /* Debug */ = {
			isa = XCBuildConfiguration;
			buildSettings = {
				ASSETCATALOG_COMPILER_APPICON_NAME = AppIcon;
				INFOPLIST_FILE = StretchMyHeader/Info.plist;
				LD_RUNPATH_SEARCH_PATHS = "$(inherited) @executable_path/Frameworks";
				PRODUCT_NAME = "$(TARGET_NAME)";
			};
			name = Debug;
		};
		934A01D41ADD98ED00899B03 /* Release */ = {
			isa = XCBuildConfiguration;
			buildSettings = {
				ASSETCATALOG_COMPILER_APPICON_NAME = AppIcon;
				INFOPLIST_FILE = StretchMyHeader/Info.plist;
				LD_RUNPATH_SEARCH_PATHS = "$(inherited) @executable_path/Frameworks";
				PRODUCT_NAME = "$(TARGET_NAME)";
			};
			name = Release;
		};
		934A01D61ADD98ED00899B03 /* Debug */ = {
			isa = XCBuildConfiguration;
			buildSettings = {
				BUNDLE_LOADER = "$(TEST_HOST)";
				FRAMEWORK_SEARCH_PATHS = (
					"$(SDKROOT)/Developer/Library/Frameworks",
					"$(inherited)",
				);
				GCC_PREPROCESSOR_DEFINITIONS = (
					"DEBUG=1",
					"$(inherited)",
				);
				INFOPLIST_FILE = StretchMyHeaderTests/Info.plist;
				LD_RUNPATH_SEARCH_PATHS = "$(inherited) @executable_path/Frameworks @loader_path/Frameworks";
				PRODUCT_NAME = "$(TARGET_NAME)";
				TEST_HOST = "$(BUILT_PRODUCTS_DIR)/StretchMyHeader.app/StretchMyHeader";
			};
			name = Debug;
		};
		934A01D71ADD98ED00899B03 /* Release */ = {
			isa = XCBuildConfiguration;
			buildSettings = {
				BUNDLE_LOADER = "$(TEST_HOST)";
				FRAMEWORK_SEARCH_PATHS = (
					"$(SDKROOT)/Developer/Library/Frameworks",
					"$(inherited)",
				);
				INFOPLIST_FILE = StretchMyHeaderTests/Info.plist;
				LD_RUNPATH_SEARCH_PATHS = "$(inherited) @executable_path/Frameworks @loader_path/Frameworks";
				PRODUCT_NAME = "$(TARGET_NAME)";
				TEST_HOST = "$(BUILT_PRODUCTS_DIR)/StretchMyHeader.app/StretchMyHeader";
			};
			name = Release;
		};
/* End XCBuildConfiguration section */

/* Begin XCConfigurationList section */
		934A01A71ADD98ED00899B03 /* Build configuration list for PBXProject "StretchMyHeader" */ = {
			isa = XCConfigurationList;
			buildConfigurations = (
				934A01D01ADD98ED00899B03 /* Debug */,
				934A01D11ADD98ED00899B03 /* Release */,
			);
			defaultConfigurationIsVisible = 0;
			defaultConfigurationName = Release;
		};
		934A01D21ADD98ED00899B03 /* Build configuration list for PBXNativeTarget "StretchMyHeader" */ = {
			isa = XCConfigurationList;
			buildConfigurations = (
				934A01D31ADD98ED00899B03 /* Debug */,
				934A01D41ADD98ED00899B03 /* Release */,
			);
			defaultConfigurationIsVisible = 0;
		};
		934A01D51ADD98ED00899B03 /* Build configuration list for PBXNativeTarget "StretchMyHeaderTests" */ = {
			isa = XCConfigurationList;
			buildConfigurations = (
				934A01D61ADD98ED00899B03 /* Debug */,
				934A01D71ADD98ED00899B03 /* Release */,
			);
			defaultConfigurationIsVisible = 0;
		};
/* End XCConfigurationList section */
	};
	rootObject = 934A01A41ADD98ED00899B03 /* Project object */;
}
